{
  "nodes": {
    "nixpkgs": {
      "locked": {
        "lastModified": 1754340878,
        "narHash": "sha256-lgmUyVQL9tSnvvIvBp7x1euhkkCho7n3TMzgjdvgPoU=",
        "owner": "NixOS",
        "repo": "nixpkgs",
        "rev": "cab778239e705082fe97bb4990e0d24c50924c04",
        "type": "github"
      },
      "original": {
        "owner": "NixOS",
        "ref": "nixpkgs-unstable",
        "repo": "nixpkgs",
        "type": "github"
      }
    },
    "root": {
      "inputs": {
        "nixpkgs": "nixpkgs",
        "src-scadformat": "src-scadformat"
      }
    },
    "src-scadformat": {
      "flake": false,
      "locked": {
        "lastModified": 1753833917,
        "narHash": "sha256-X8STNxywwu3AirR0yrVGaduIU/P9ryJoLJXeBp64qJs=",
        "owner": "hugheaves",
        "repo": "scadformat",
        "rev": "8fb4c4c2d644dc4b9f76f03dd58791a5bcc43b7b",
        "type": "github"
      },
      "original": {
        "owner": "hugheaves",
        "repo": "scadformat",
        "type": "github"
      }
    }
  },
  "root": "root",
  "version": 7
}
